github.com/aws/aws-sdk-go-v2 v1.16.1 h1:udzee98w8H6ikRgtFdVN9JzzYEbi/quFfSvduZETJIU=
github.com/aws/aws-sdk-go-v2 v1.16.1/go.mod h1:ytwTPBG6fXTZLxxeeCCWj2/EMYp/xDUgX+OET6TLNNU=
github.com/aws/aws-sdk-go-v2/aws/protocol/eventstream v1.4.1 h1:SdK4Ppk5IzLs64ZMvr6MrSficMtjY2oS0WOORXTlxwU=
github.com/aws/aws-sdk-go-v2/aws/protocol/eventstream v1.4.1/go.mod h1:n8Bs1ElDD2wJ9kCRTczA83gYbBmjSwZp3umc6zF4EeM=
github.com/aws/aws-sdk-go-v2/config v1.15.2 h1:4oGcm1yqqtTc2Z8YpwehwjSiBA3TR0iZbFCgNlXcVFQ=
github.com/aws/aws-sdk-go-v2/config v1.15.2/go.mod h1:S1p1xf7DGVp0srNq0BakyxfirOldPQeDVlx7+fllyok=
github.com/aws/aws-sdk-go-v2/credentials v1.11.1 h1:uR323+M7ca3v2GKXbFSwWbNA3kLjjFzaalL6W4rpB9s=
github.com/aws/aws-sdk-go-v2/credentials v1.11.1/go.mod h1:pYrHWfKUoWTmbr+xTf6ZoWeyyvLAQ5BPT3aL+nKlTpE=
github.com/aws/aws-sdk-go-v2/feature/ec2/imds v1.12.2 h1:+AULPOLHEDjH2TcNKpixl4gt26hFOdlUuuisZUBFczA=
github.com/aws/aws-sdk-go-v2/feature/ec2/imds v1.12.2/go.mod h1:jmsqNRVo2XlUTNXG/NF7hM7o2gd2jhfg8vdJ135d4XA=
github.com/aws/aws-sdk-go-v2/feature/s3/manager v1.11.2 h1:PTFTblDWY/HdQ6ix5+to1uLARgLLuYbzKGLQnIdE5Us=
github.com/aws/aws-sdk-go-v2/feature/s3/manager v1.11.2/go.mod h1:j4OwU2Gb7yaQaidJRpdlIRYX93jBCWhVYIgMlPjf89o=
github.com/aws/aws-sdk-go-v2/internal/configsources v1.1.8 h1:CDaO90VZVBAL1sK87S5oSPIrp7yZqORv1hPIi2UsTMk=
github.com/aws/aws-sdk-go-v2/internal/configsources v1.1.8/go.mod h1:LnTQMTqbKsbtt+UI5+wPsB7jedW+2ZgozoPG8k6cMxg=
github.com/aws/aws-sdk-go-v2/internal/endpoints/v2 v2.4.2 h1:XXR3cdOcKRCTZf6ctcqpMf+go1BdzTm6+T9Ul5zxcMI=
github.com/aws/aws-sdk-go-v2/internal/endpoints/v2 v2.4.2/go.mod h1:1x4ZP3Z8odssdhuLI+/1Tqw6Pt/VAaP4Tr8EUxHvPXE=
github.com/aws/aws-sdk-go-v2/internal/ini v1.3.9 h1:8umg6LSQ/b0+ZTq+Ro8K7VLGVwd7kiYQtIACpf2N/Yo=
github.com/aws/aws-sdk-go-v2/internal/ini v1.3.9/go.mod h1:kASRBzoVW4I8KUmGCjsowAqVor9QU9DuTUABVducrTY=
github.com/aws/aws-sdk-go-v2/service/cloudfront v1.16.2 h1:At4bNeuHDBp4kjUYCy3FygqEk1PW5j4cCCl4PkIWMhQ=
github.com/aws/aws-sdk-go-v2/service/cloudfront v1.16.2/go.mod h1:tHxFm1iYz4suoUz5JhtjbLWKhg+CZlpXwVFQGRntuII=
github.com/aws/aws-sdk-go-v2/service/internal/accept-encoding v1.9.1 h1:T4pFel53bkHjL2mMo+4DKE6r6AuoZnM0fg7k1/ratr4=
github.com/aws/aws-sdk-go-v2/service/internal/accept-encoding v1.9.1/go.mod h1:GeUru+8VzrTXV/83XyMJ80KpH8xO89VPoUileyNQ+tc=
github.com/aws/aws-sdk-go-v2/service/internal/checksum v1.1.2 h1:VoMBHtQZygRs8mcQNDrfmn09vFH2ccjf79nGJ0xuUfo=
github.com/aws/aws-sdk-go-v2/service/internal/checksum v1.1.2/go.mod h1:2Fzbfwkx7z4yue1Lz6KDSKG84UpOcUKFl3VAtSF/gcg=
github.com/aws/aws-sdk-go-v2/service/internal/presigned-url v1.9.2 h1:RrN7V0r8+lUUKZM4OAoCOIZqjPLZPOl6wuwMd2QIryI=
github.com/aws/aws-sdk-go-v2/service/internal/presigned-url v1.9.2/go.mod h1:7hwSi01X5Yj9H0qLQljrn8OSdLwwSym1aQCfGn1tDQQ=
github.com/aws/aws-sdk-go-v2/service/internal/s3shared v1.13.2 h1:yxr9h06slG9fdVmO3CpBVuFVD73AeUHLmBxhCr3T3+E=
github.com/aws/aws-sdk-go-v2/service/internal/s3shared v1.13.2/go.mod h1:rvV/Jr4T8H3kMMw/9fFQw9kxqb70YKihA0oWuUFd3K8=
github.com/aws/aws-sdk-go-v2/service/s3 v1.26.2 h1:Op/A+5+D1K0bmwH3BStYbp/7iod9Rdfm9898A0qYxLc=
github.com/aws/aws-sdk-go-v2/service/s3 v1.26.2/go.mod h1:Ao1W746VIMdV1WhEkjeVa5JzlaE1JkxJ46facHX9kzs=
github.com/aws/aws-sdk-go-v2/service/sso v1.11.2 h1:8fVz1c9B/63w7O0kxbrCTT69iV4DgXnFumarPCZ3Cns=
github.com/aws/aws-sdk-go-v2/service/sso v1.11.2/go.mod h1:GdCj3+FzI3D5tauOzz8n3YjN70XvgZz82PVVtJXmDds=
github.com/aws/aws-sdk-go-v2/service/sts v1.16.2 h1:qgK5htfKByTiPxS/diZ/mTCfDwGAVuyjRdqu6VoCh80=
github.com/aws/aws-sdk-go-v2/service/sts v1.16.2/go.mod h1:RoMljzynmRe3jyOsRgqIMTzyhpAv6XNxu549M1X4Mdo=
github.com/aws/smithy-go v1.11.2 h1:eG/N+CcUMAvsdffgMvjMKwfyDzIkjM6pfxMJ8Mzc6mE=
github.com/aws/smithy-go v1.11.2/go.mod h1:3xHYmszWVx2c0kIwQeEVf9uSm4fYZt67FBJnwub1bgM=
github.com/aymerick/douceur v0.2.0 h1:Mv+mAeH1Q+n9Fr+oyamOlAkUNPWPlA8PPGR0QAaYuPk=
github.com/aymerick/douceur v0.2.0/go.mod h1:wlT5vV2O3h55X9m7iVYN0TBM0NH/MmbLnd30/FjWUq4=
github.com/coreos/go-systemd v0.0.0-20190321100706-95778dfbb74e/go.mod h1:F5haX7vjVVG0kc13fIWeqUViNPyEJxv/OmvnBo0Yme4=
github.com/davecgh/go-spew v1.1.0 h1:ZDRjVQ15GmhC3fiQ8ni8+OwkZQO4DARzQgrnXU1Liz8=
github.com/davecgh/go-spew v1.1.0/go.mod h1:J7Y8YcW2NihsgmVo/mv3lAwl/skON4iLHjSsI+c5H38=
github.com/go-chi/chi/v5 v5.0.0/go.mod h1:BBug9lr0cqtdAhsu6R4AAdvufI0/XBzAQSsUqJpoZOs=
github.com/go-chi/chi/v5 v5.0.7 h1:rDTPXLDHGATaeHvVlLcR4Qe0zftYethFucbjVQ1PxU8=
github.com/go-chi/chi/v5 v5.0.7/go.mod h1:DslCQbL2OYiznFReuXYUmQ2hGd1aDpCnlMNITLSKoi8=
github.com/go-chi/httplog v0.2.1 h1:KgCtIUkYNlfIsUPzE3utxd1KDKOvCrnAKaqdo0rmrh0=
github.com/go-chi/httplog v0.2.1/go.mod h1:JyHOFO9twSfGoTin/RoP25Lx2a9Btq10ug+sgxe0+bo=
github.com/google/go-cmp v0.5.7 h1:81/ik6ipDQS2aGcBfIN5dHDB36BwrStyeAQquSYCV4o=
github.com/google/go-cmp v0.5.7/go.mod h1:n+brtR0CgQNWTVd5ZUFpTBC8YFBDLK/h/bpaJ8/DtOE=
github.com/gorilla/css v1.0.0 h1:BQqNyPTi50JCFMTw/b67hByjMVXZRwGha6wxVGkeihY=
github.com/gorilla/css v1.0.0/go.mod h1:Dn721qIggHpt4+EFCcTLTU/vk5ySda2ReITrtgBl60c=
github.com/gosimple/slug v1.11.2 h1:MxFR0TmQ/qz0KvIrBbf4phu+G0RBgpwxOn6jPKFKFOw=
github.com/gosimple/slug v1.11.2/go.mod h1:UiRaFH+GEilHstLUmcBgWcI42viBN7mAb818JrYOeFQ=
github.com/gosimple/unidecode v1.0.1 h1:hZzFTMMqSswvf0LBJZCZgThIZrpDHFXux9KeGmn6T/o=
github.com/gosimple/unidecode v1.0.1/go.mod h1:CP0Cr1Y1kogOtx0bJblKzsVWrqYaqfNOnHzpgWw4Awc=
github.com/jmespath/go-jmespath v0.4.0 h1:BEgLn5cpjn8UN1mAw4NjwDrS35OdebyEtFe+9YPoQUg=
github.com/jmespath/go-jmespath v0.4.0/go.mod h1:T8mJZnbsbmF+m6zOOFylbeCJqk5+pHWvzYPziyZiYoo=
github.com/jmespath/go-jmespath/internal/testify v1.5.1 h1:shLQSRRSCCPj3f2gpwzGwWFoC7ycTf1rcQZHOlsJ6N8=
github.com/jmespath/go-jmespath/internal/testify v1.5.1/go.mod h1:L3OGu8Wl2/fWfCI6z80xFu9LTZmf1ZRjMHUOPmWr69U=
github.com/kr/fs v0.1.0 h1:Jskdu9ieNAYnjxsi0LbQp1ulIKZV1LAFgK1tWhpZgl8=
github.com/kr/fs v0.1.0/go.mod h1:FFnZGqtBN9Gxj7eW1uZ42v5BccTP0vu6NEaFoC2HwRg=
github.com/microcosm-cc/bluemonday v1.0.18 h1:6HcxvXDAi3ARt3slx6nTesbvorIc3QeTzBNRvWktHBo=
github.com/microcosm-cc/bluemonday v1.0.18/go.mod h1:Z0r70sCuXHig8YpBzCc5eGHAap2K7e/u082ZUpDRRqM=
github.com/pkg/errors v0.8.1/go.mod h1:bwawxfHBFNV+L2hUp1rHADufV3IMtnDRdf1r5NINEl0=
github.com/pkg/sftp v1.13.5 h1:a3RLUqkyjYRtBTZJZ1VRrKbN3zhuPLlUc3sphVz81go=
github.com/pkg/sftp v1.13.5/go.mod h1:wHDZ0IZX6JcBYRK1TH9bcVq8G7TLpVHYIGJRFnmPfxg=
github.com/pmezard/go-difflib v1.0.0 h1:4DBwDE0NGyQoBHbLQYPwSUPoCMWR5BEzIk/f1lZbAQM=
github.com/pmezard/go-difflib v1.0.0/go.mod h1:iKH77koFhYxTK1pcRnkKkqfTogsbg7gZNVY4sRDYZ/4=
github.com/rollbar/rollbar-go v1.4.2 h1:UzxjFgg9CFE0Vb3grGPpZHCnbKzNd8RYFtFHEKovauU=
github.com/rollbar/rollbar-go v1.4.2/go.mod h1:kLQ9gP3WCRGrvJmF0ueO3wK9xWocej8GRX98D8sa39w=
github.com/rs/xid v1.2.1/go.mod h1:+uKXf+4Djp6Md1KODXJxgGQPKngRmWyn10oCKFzNHOQ=
github.com/rs/zerolog v1.18.1-0.20200514152719-663cbb4c8469 h1:DuXsEWHUTO5lsxxzKM4KUKGDIOi7nawNDs6d+AiulEA=
github.com/rs/zerolog v1.18.1-0.20200514152719-663cbb4c8469/go.mod h1:IzD0RJ65iWH0w97OQQebJEvTZYvsCUm9WVLWBQrJRjo=
github.com/stretchr/objx v0.1.0/go.mod h1:HFkY916IF+rwdDfMAkV7OtwuqBVzrE8GR6GFx+wExME=
github.com/stretchr/testify v1.7.0 h1:nwc3DEeHmmLAfoZucVR881uASk0Mfjw8xYJ99tb5CcY=
github.com/stretchr/testify v1.7.0/go.mod h1:6Fq8oRcR53rry900zMqJjRRixrwX3KX962/h/Wwjteg=
golang.org/x/crypto v0.0.0-20190308221718-c2843e01d9a2/go.mod h1:djNgcEr1/C05ACkg1iLfiJU5Ep61QUkGW8qpdssI0+w=
golang.org/x/crypto v0.0.0-20211215153901-e495a2d5b3d3/go.mod h1:IxCIyHEi3zRg3s0A5j5BB6A9Jmi73HwBIUl50j+osU4=
golang.org/x/crypto v0.0.0-20220131195533-30dcbda58838 h1:71vQrMauZZhcTVK6KdYM+rklehEEwb3E+ZhaE5jrPrE=
golang.org/x/crypto v0.0.0-20220131195533-30dcbda58838/go.mod h1:IxCIyHEi3zRg3s0A5j5BB6A9Jmi73HwBIUl50j+osU4=
golang.org/x/net v0.0.0-20190620200207-3b0461eec859/go.mod h1:z5CRVTTTmAJ677TzLLGU+0bjPO0LkuOLi4/5GtJWs/s=
golang.org/x/net v0.0.0-20210614182718-04defd469f4e/go.mod h1:9nx3DQGgdP8bBQD5qxJ1jj9UTztislL4KSBs9R2vV5Y=
golang.org/x/net v0.0.0-20211112202133-69e39bad7dc2 h1:CIJ76btIcR3eFI5EgSo6k1qKw9KJexJuRLI9G7Hp5wE=
golang.org/x/net v0.0.0-20211112202133-69e39bad7dc2/go.mod h1:9nx3DQGgdP8bBQD5qxJ1jj9UTztislL4KSBs9R2vV5Y=
golang.org/x/sync v0.0.0-20190423024810-112230192c58/go.mod h1:RxMgew5VJxzue5/jJTE5uejpjVlOe/izrB70Jof72aM=
golang.org/x/sys v0.0.0-20190215142949-d0b11bdaac8a/go.mod h1:STP8DvDyc/dI5b8T5hshtkjS+E42TnysNCUPdjciGhY=
golang.org/x/sys v0.0.0-20201119102817-f84b799fce68/go.mod h1:h1NjWce9XRLGQEsW7wpKNCjG9DtNlClVuFLEZdDNbEs=
golang.org/x/sys v0.0.0-20210423082822-04245dca01da/go.mod h1:h1NjWce9XRLGQEsW7wpKNCjG9DtNlClVuFLEZdDNbEs=
golang.org/x/sys v0.0.0-20210615035016-665e8c7367d1/go.mod h1:oPkhp1MJrh7nUepCBck5+mAzfO9JrbApNNgaTdGDITg=
golang.org/x/sys v0.0.0-20211216021012-1d35b9e2eb4e h1:fLOSk5Q00efkSvAm+4xcoXD+RRmLmmulPn5I3Y9F2EM=
golang.org/x/sys v0.0.0-20211216021012-1d35b9e2eb4e/go.mod h1:oPkhp1MJrh7nUepCBck5+mAzfO9JrbApNNgaTdGDITg=
golang.org/x/term v0.0.0-20201126162022-7de9c90e9dd1 h1:v+OssWQX+hTHEmOBgwxdZxK4zHq3yOs8F9J7mk0PY8E=
golang.org/x/term v0.0.0-20201126162022-7de9c90e9dd1/go.mod h1:bj7SfCRtBDWHUb9snDiAeCFNEtKQo2Wmx5Cou7ajbmo=
golang.org/x/text v0.3.0/go.mod h1:NqM8EUOU14njkJ3fqMW+pc6Ldnwhi/IjpwHt7yyuwOQ=
golang.org/x/text v0.3.6 h1:aRYxNxv6iGQlyVaZmk6ZgYEDa+Jg18DxebPSrd6bg1M=
golang.org/x/text v0.3.6/go.mod h1:5Zoc/QRtKVWzQhOtBMvqHzDpF6irO9z98xDceosuGiQ=
golang.org/x/tools v0.0.0-20180917221912-90fa682c2a6e/go.mod h1:n7NCudcB/nEzxVGmLbDWY5pfWTLqBcC2KZ6jyYvM4mQ=
golang.org/x/tools v0.0.0-20190828213141-aed303cbaa74/go.mod h1:b+2E5dAYhXwXZwtnZ6UAqBI28+e2cm9otk0dWdXHAEo=
golang.org/x/xerrors v0.0.0-20190717185122-a985d3407aa7/go.mod h1:I/5z698sn9Ka8TeJc9MKroUUfqBBauWjQqLJ2OPfmY0=
golang.org/x/xerrors v0.0.0-20191204190536-9bdfabe68543 h1:E7g+9GITq07hpfrRu66IVDexMakfv52eLZ2CXBWiKr4=
golang.org/x/xerrors v0.0.0-20191204190536-9bdfabe68543/go.mod h1:I/5z698sn9Ka8TeJc9MKroUUfqBBauWjQqLJ2OPfmY0=
gopkg.in/check.v1 v0.0.0-20161208181325-20d25e280405/go.mod h1:Co6ibVJAznAaIkqp8huTwlJQCZ016jof/cbN4VW5Yz0=
gopkg.in/yaml.v2 v2.2.8 h1:obN1ZagJSUGI0Ek/LBmuj4SNLPfIny3KsKFopxRdj10=
gopkg.in/yaml.v2 v2.2.8/go.mod h1:hI93XBmqTisBFMUTm0b8Fm+jr3Dg1NNxqwp+5A1VGuI=
gopkg.in/yaml.v3 v3.0.0-20200313102051-9f266ea9e77c h1:dUUwHk2QECo/6vqA44rthZ8ie2QXMNeKRTHCNY2nXvo=
gopkg.in/yaml.v3 v3.0.0-20200313102051-9f266ea9e77c/go.mod h1:K4uyk7z7BCEPqu6E+C64Yfv1cQ7kz7rIZviUmN+EgEM=
